<?xml version="1.0" encoding="utf-8"?>
<Project ToolsVersion="4.0" xmlns="http://schemas.microsoft.com/developer/msbuild/2003">
  <ItemGroup>
    <Filter Include="Исходные файлы">
      <UniqueIdentifier>{4FC737F1-C7A5-4376-A066-2A32D752A2FF}</UniqueIdentifier>
      <Extensions>cpp;c;cc;cxx;def;odl;idl;hpj;bat;asm;asmx</Extensions>
    </Filter>
    <Filter Include="Файлы заголовков">
      <UniqueIdentifier>{93995380-89BD-4b04-88EB-625FBE52EBFB}</UniqueIdentifier>
      <Extensions>h;hh;hpp;hxx;hm;inl;inc;ipp;xsd</Extensions>
    </Filter>
    <Filter Include="Файлы ресурсов">
      <UniqueIdentifier>{67DA6AB6-F800-4c08-8B7A-83BB121AAD01}</UniqueIdentifier>
      <Extensions>rc;ico;cur;bmp;dlg;rc2;rct;bin;rgs;gif;jpg;jpeg;jpe;resx;tiff;tif;png;wav;mfcribbon-ms</Extensions>
    </Filter>
  </ItemGroup>
  <ItemGroup>
    <ClInclude Include="oeav.h">
      <Filter>Файлы заголовков</Filter>
    </ClInclude>
    <ClInclude Include="framework.h">
      <Filter>Файлы заголовков</Filter>
    </ClInclude>
    <ClInclude Include="targetver.h">
      <Filter>Файлы заголовков</Filter>
    </ClInclude>
    <ClInclude Include="Resource.h">
      <Filter>Файлы заголовков</Filter>
    </ClInclude>
    <ClInclude Include="pch.h">
      <Filter>Файлы заголовков</Filter>
    </ClInclude>
    <ClInclude Include="dialogs\main_window_dlg.h">
      <Filter>Файлы заголовков</Filter>
    </ClInclude>
    <ClInclude Include="ext\etslayout.h">
      <Filter>Файлы заголовков</Filter>
    </ClInclude>
    <ClInclude Include="ext\Color.h">
      <Filter>Файлы заголовков</Filter>
    </ClInclude>
    <ClInclude Include="controls\CStaticX.h">
      <Filter>Файлы заголовков</Filter>
    </ClInclude>
    <ClInclude Include="dialogs\CDialogX.h">
      <Filter>Файлы заголовков</Filter>
    </ClInclude>
    <ClInclude Include="dialogs\registry_list_dlg.h">
      <Filter>Файлы заголовков</Filter>
    </ClInclude>
    <ClInclude Include="controls\CButtonX.h">
      <Filter>Файлы заголовков</Filter>
    </ClInclude>
    <ClInclude Include="dialogs\balance_report_dlg.h">
      <Filter>Файлы заголовков</Filter>
    </ClInclude>
    <ClInclude Include="dialogs\documents_dlg.h">
      <Filter>Файлы заголовков</Filter>
    </ClInclude>
    <ClInclude Include="dialogs\cardfiles_dlg.h">
      <Filter>Файлы заголовков</Filter>
    </ClInclude>
    <ClInclude Include="dialogs\look_rl_dlg.h">
      <Filter>Файлы заголовков</Filter>
    </ClInclude>
    <ClInclude Include="dialogs\look_ab_dlg.h">
      <Filter>Файлы заголовков</Filter>
    </ClInclude>
    <ClInclude Include="dialogs\define_report_forms_dlg.h">
      <Filter>Файлы заголовков</Filter>
    </ClInclude>
    <ClInclude Include="controls\ComboBoxExt.h">
      <Filter>Файлы заголовков</Filter>
    </ClInclude>
    <ClInclude Include="controls\ComboBoxExtList.h">
      <Filter>Файлы заголовков</Filter>
    </ClInclude>
    <ClInclude Include="services\icardfiles_service.h">
      <Filter>Файлы заголовков</Filter>
    </ClInclude>
    <ClInclude Include="services\cardfiles_service.h">
      <Filter>Файлы заголовков</Filter>
    </ClInclude>
    <ClInclude Include="domain\analytical_accounting_code.h">
      <Filter>Файлы заголовков</Filter>
    </ClInclude>
    <ClInclude Include="repository\cardfiles_repository.h">
      <Filter>Файлы заголовков</Filter>
    </ClInclude>
    <ClInclude Include="repository\icardfiles_repository.h">
      <Filter>Файлы заголовков</Filter>
    </ClInclude>
    <ClInclude Include="shared\connection.h">
      <Filter>Файлы заголовков</Filter>
    </ClInclude>
    <ClInclude Include="shared\iconnection.h">
      <Filter>Файлы заголовков</Filter>
    </ClInclude>
    <ClInclude Include="shared\instance_factory.h">
      <Filter>Файлы заголовков</Filter>
    </ClInclude>
    <ClInclude Include="shared\instance_factory_impl.h">
      <Filter>Файлы заголовков</Filter>
    </ClInclude>
    <ClInclude Include="dialogs\analytical_codes_dlg.h">
      <Filter>Файлы заголовков</Filter>
    </ClInclude>
  </ItemGroup>
  <ItemGroup>
    <ClCompile Include="oeav.cpp">
      <Filter>Исходные файлы</Filter>
    </ClCompile>
    <ClCompile Include="pch.cpp">
      <Filter>Исходные файлы</Filter>
    </ClCompile>
    <ClCompile Include="dialogs\main_window_dlg.cpp">
      <Filter>Исходные файлы</Filter>
    </ClCompile>
    <ClCompile Include="ext\ETSLayout.cpp">
      <Filter>Исходные файлы</Filter>
    </ClCompile>
    <ClCompile Include="ext\Color.cpp">
      <Filter>Исходные файлы</Filter>
    </ClCompile>
    <ClCompile Include="controls\CStaticX.cpp">
      <Filter>Исходные файлы</Filter>
    </ClCompile>
    <ClCompile Include="dialogs\CDialogX.cpp">
      <Filter>Исходные файлы</Filter>
    </ClCompile>
    <ClCompile Include="dialogs\registry_list_dlg.cpp">
      <Filter>Исходные файлы</Filter>
    </ClCompile>
    <ClCompile Include="controls\CButtonX.cpp">
      <Filter>Исходные файлы</Filter>
    </ClCompile>
    <ClCompile Include="dialogs\balance_report_dlg.cpp">
      <Filter>Исходные файлы</Filter>
    </ClCompile>
    <ClCompile Include="dialogs\documents_dlg.cpp">
      <Filter>Исходные файлы</Filter>
    </ClCompile>
    <ClCompile Include="dialogs\cardfiles_dlg.cpp">
      <Filter>Исходные файлы</Filter>
    </ClCompile>
    <ClCompile Include="dialogs\look_rl_dlg.cpp">
      <Filter>Исходные файлы</Filter>
    </ClCompile>
    <ClCompile Include="dialogs\look_ab_dlg.cpp">
      <Filter>Исходные файлы</Filter>
    </ClCompile>
    <ClCompile Include="dialogs\define_report_forms_dlg.cpp">
      <Filter>Исходные файлы</Filter>
    </ClCompile>
    <ClCompile Include="controls\ComboBoxExt.cpp">
      <Filter>Исходные файлы</Filter>
    </ClCompile>
    <ClCompile Include="controls\ComboBoxExtList.cpp">
      <Filter>Исходные файлы</Filter>
    </ClCompile>
    <ClCompile Include="services\cardfiles_service.cpp">
      <Filter>Исходные файлы</Filter>
    </ClCompile>
    <ClCompile Include="domain\analytical_accounting_code.cpp">
      <Filter>Исходные файлы</Filter>
    </ClCompile>
    <ClCompile Include="repository\cardfiles_repository.cpp">
      <Filter>Исходные файлы</Filter>
    </ClCompile>
    <ClCompile Include="shared\connection.cpp">
      <Filter>Исходные файлы</Filter>
    </ClCompile>
    <ClCompile Include="shared\oeav_instance_config.cpp">
      <Filter>Исходные файлы</Filter>
    </ClCompile>
    <ClCompile Include="dialogs\analytical_codes_dlg.cpp">
      <Filter>Исходные файлы</Filter>
    </ClCompile>
  </ItemGroup>
  <ItemGroup>
    <ResourceCompile Include="oeav.rc">
      <Filter>Файлы ресурсов</Filter>
    </ResourceCompile>
  </ItemGroup>
  <ItemGroup>
    <None Include="res\oeav.rc2">
      <Filter>Файлы ресурсов</Filter>
    </None>
  </ItemGroup>
  <ItemGroup>
    <Image Include="res\oeav.ico">
      <Filter>Файлы ресурсов</Filter>
    </Image>
    <Image Include="res\settings.ico">
      <Filter>Файлы ресурсов</Filter>
    </Image>
    <Image Include="res\exit.ico">
      <Filter>Файлы ресурсов</Filter>
    </Image>
    <Image Include="res\book.ico">
      <Filter>Файлы ресурсов</Filter>
    </Image>
    <Image Include="res\book2.ico">
      <Filter>Файлы ресурсов</Filter>
    </Image>
    <Image Include="res\product.ico">
      <Filter>Файлы ресурсов</Filter>
    </Image>
    <Image Include="res\icon1.ico">
      <Filter>Файлы ресурсов</Filter>
    </Image>
    <Image Include="res\print.ico">
      <Filter>Файлы ресурсов</Filter>
    </Image>
    <Image Include="res\folder.ico">
      <Filter>Файлы ресурсов</Filter>
    </Image>
    <Image Include="res\report.ico">
      <Filter>Файлы ресурсов</Filter>
    </Image>
    <Image Include="res\business-credit-report.ico">
      <Filter>Файлы ресурсов</Filter>
    </Image>
    <Image Include="res\inventory.ico">
      <Filter>Файлы ресурсов</Filter>
    </Image>
    <Image Include="res\analytics.ico">
      <Filter>Файлы ресурсов</Filter>
    </Image>
    <Image Include="res\content-management-system.ico">
      <Filter>Файлы ресурсов</Filter>
    </Image>
    <Image Include="res\file.ico">
      <Filter>Файлы ресурсов</Filter>
    </Image>
    <Image Include="res\task.ico">
      <Filter>Файлы ресурсов</Filter>
    </Image>
    <Image Include="res\web-page.ico">
      <Filter>Файлы ресурсов</Filter>
    </Image>
    <Image Include="res\input.ico">
      <Filter>Файлы ресурсов</Filter>
    </Image>
    <Image Include="res\right-arrow.ico">
      <Filter>Файлы ресурсов</Filter>
    </Image>
    <Image Include="res\left-arrow.ico">
      <Filter>Файлы ресурсов</Filter>
    </Image>
    <Image Include="res\cancel.ico">
      <Filter>Файлы ресурсов</Filter>
    </Image>
    <Image Include="res\delete.ico">
      <Filter>Файлы ресурсов</Filter>
    </Image>
    <Image Include="res\cancel2.ico">
      <Filter>Файлы ресурсов</Filter>
    </Image>
    <Image Include="res\plus.ico">
      <Filter>Файлы ресурсов</Filter>
    </Image>
    <Image Include="res\icon2.ico">
      <Filter>Файлы ресурсов</Filter>
    </Image>
    <Image Include="res\correct.ico">
      <Filter>Файлы ресурсов</Filter>
    </Image>
  </ItemGroup>
</Project>