<?xml version="1.0" encoding="utf-8"?>
<Project ToolsVersion="4.0" xmlns="http://schemas.microsoft.com/developer/msbuild/2003">
  <ItemGroup>
    <Filter Include="Исходные файлы">
      <UniqueIdentifier>{4FC737F1-C7A5-4376-A066-2A32D752A2FF}</UniqueIdentifier>
      <Extensions>cpp;c;cc;cxx;def;odl;idl;hpj;bat;asm;asmx</Extensions>
    </Filter>
    <Filter Include="Файлы заголовков">
      <UniqueIdentifier>{93995380-89BD-4b04-88EB-625FBE52EBFB}</UniqueIdentifier>
      <Extensions>h;hh;hpp;hxx;hm;inl;inc;ipp;xsd</Extensions>
    </Filter>
    <Filter Include="Файлы ресурсов">
      <UniqueIdentifier>{67DA6AB6-F800-4c08-8B7A-83BB121AAD01}</UniqueIdentifier>
      <Extensions>rc;ico;cur;bmp;dlg;rc2;rct;bin;rgs;gif;jpg;jpeg;jpe;resx;tiff;tif;png;wav;mfcribbon-ms</Extensions>
    </Filter>
  </ItemGroup>
  <ItemGroup>
    <ClInclude Include="oeav.h">
      <Filter>Файлы заголовков</Filter>
    </ClInclude>
    <ClInclude Include="framework.h">
      <Filter>Файлы заголовков</Filter>
    </ClInclude>
    <ClInclude Include="targetver.h">
      <Filter>Файлы заголовков</Filter>
    </ClInclude>
    <ClInclude Include="Resource.h">
      <Filter>Файлы заголовков</Filter>
    </ClInclude>
    <ClInclude Include="pch.h">
      <Filter>Файлы заголовков</Filter>
    </ClInclude>
    <ClInclude Include="ext\etslayout.h">
      <Filter>Файлы заголовков</Filter>
    </ClInclude>
    <ClInclude Include="ext\Color.h">
      <Filter>Файлы заголовков</Filter>
    </ClInclude>
    <ClInclude Include="controls\CStaticX.h">
      <Filter>Файлы заголовков</Filter>
    </ClInclude>
    <ClInclude Include="dialogs\CDialogX.h">
      <Filter>Файлы заголовков</Filter>
    </ClInclude>
    <ClInclude Include="controls\CButtonX.h">
      <Filter>Файлы заголовков</Filter>
    </ClInclude>
    <ClInclude Include="controls\ComboBoxExt.h">
      <Filter>Файлы заголовков</Filter>
    </ClInclude>
    <ClInclude Include="controls\ComboBoxExtList.h">
      <Filter>Файлы заголовков</Filter>
    </ClInclude>
    <ClInclude Include="domain\oeav_primary_document.h">
      <Filter>Файлы заголовков</Filter>
    </ClInclude>
    <ClInclude Include="domain\oeav_reg_book_item.h">
      <Filter>Файлы заголовков</Filter>
    </ClInclude>
    <ClInclude Include="dialogs\oeav_dsx.h">
      <Filter>Файлы заголовков</Filter>
    </ClInclude>
    <ClInclude Include="dialogs\oeav_osx.h">
      <Filter>Файлы заголовков</Filter>
    </ClInclude>
    <ClInclude Include="dialogs\oeav_ssx.h">
      <Filter>Файлы заголовков</Filter>
    </ClInclude>
    <ClInclude Include="dialogs\oeav_vsx.h">
      <Filter>Файлы заголовков</Filter>
    </ClInclude>
    <ClInclude Include="dialogs\oeav_asx.h">
      <Filter>Файлы заголовков</Filter>
    </ClInclude>
    <ClInclude Include="dialogs\oeav_men_bo.h">
      <Filter>Файлы заголовков</Filter>
    </ClInclude>
    <ClInclude Include="dialogs\oeav_men_k.h">
      <Filter>Файлы заголовков</Filter>
    </ClInclude>
    <ClInclude Include="dialogs\oeav_csi.h">
      <Filter>Файлы заголовков</Filter>
    </ClInclude>
    <ClInclude Include="dialogs\oeav_men_d.h">
      <Filter>Файлы заголовков</Filter>
    </ClInclude>
    <ClInclude Include="dialogs\oeav_ksr.h">
      <Filter>Файлы заголовков</Filter>
    </ClInclude>
    <ClInclude Include="dialogs\oeav_jsr.h">
      <Filter>Файлы заголовков</Filter>
    </ClInclude>
    <ClInclude Include="dialogs\oeav_psx.h">
      <Filter>Файлы заголовков</Filter>
    </ClInclude>
    <ClInclude Include="dialogs\oeav_men_rj.h">
      <Filter>Файлы заголовков</Filter>
    </ClInclude>
    <ClInclude Include="dialogs\oeav_men.h">
      <Filter>Файлы заголовков</Filter>
    </ClInclude>
    <ClInclude Include="domain\oeav_account.h">
      <Filter>Файлы заголовков</Filter>
    </ClInclude>
    <ClInclude Include="domain\oeav_account_types.h">
      <Filter>Файлы заголовков</Filter>
    </ClInclude>
    <ClInclude Include="domain\oeav_analytical_accounting_code.h">
      <Filter>Файлы заголовков</Filter>
    </ClInclude>
    <ClInclude Include="domain\oeav_analytical_type.h">
      <Filter>Файлы заголовков</Filter>
    </ClInclude>
    <ClInclude Include="repository\oeav_cardfiles_repository.h">
      <Filter>Файлы заголовков</Filter>
    </ClInclude>
    <ClInclude Include="services\oeav_cardfiles_service.h">
      <Filter>Файлы заголовков</Filter>
    </ClInclude>
    <ClInclude Include="shared\oeav_connection.h">
      <Filter>Файлы заголовков</Filter>
    </ClInclude>
    <ClInclude Include="domain\oeav_document.h">
      <Filter>Файлы заголовков</Filter>
    </ClInclude>
    <ClInclude Include="repository\oeav_documents_repository.h">
      <Filter>Файлы заголовков</Filter>
    </ClInclude>
    <ClInclude Include="services\oeav_documents_service.h">
      <Filter>Файлы заголовков</Filter>
    </ClInclude>
    <ClInclude Include="repository\oeav_icardfiles_repository.h">
      <Filter>Файлы заголовков</Filter>
    </ClInclude>
    <ClInclude Include="services\oeav_icardfiles_service.h">
      <Filter>Файлы заголовков</Filter>
    </ClInclude>
    <ClInclude Include="shared\oeav_iconnection.h">
      <Filter>Файлы заголовков</Filter>
    </ClInclude>
    <ClInclude Include="repository\oeav_idocuments_repository.h">
      <Filter>Файлы заголовков</Filter>
    </ClInclude>
    <ClInclude Include="services\oeav_idocuments_service.h">
      <Filter>Файлы заголовков</Filter>
    </ClInclude>
    <ClInclude Include="shared\oeav_instance_factory.h">
      <Filter>Файлы заголовков</Filter>
    </ClInclude>
    <ClInclude Include="shared\oeav_instance_factory_impl.h">
      <Filter>Файлы заголовков</Filter>
    </ClInclude>
    <ClInclude Include="domain\oeav_typical_operation.h">
      <Filter>Файлы заголовков</Filter>
    </ClInclude>
  </ItemGroup>
  <ItemGroup>
    <ClCompile Include="oeav.cpp">
      <Filter>Исходные файлы</Filter>
    </ClCompile>
    <ClCompile Include="pch.cpp">
      <Filter>Исходные файлы</Filter>
    </ClCompile>
    <ClCompile Include="ext\ETSLayout.cpp">
      <Filter>Исходные файлы</Filter>
    </ClCompile>
    <ClCompile Include="ext\Color.cpp">
      <Filter>Исходные файлы</Filter>
    </ClCompile>
    <ClCompile Include="controls\CStaticX.cpp">
      <Filter>Исходные файлы</Filter>
    </ClCompile>
    <ClCompile Include="dialogs\CDialogX.cpp">
      <Filter>Исходные файлы</Filter>
    </ClCompile>
    <ClCompile Include="controls\CButtonX.cpp">
      <Filter>Исходные файлы</Filter>
    </ClCompile>
    <ClCompile Include="controls\ComboBoxExt.cpp">
      <Filter>Исходные файлы</Filter>
    </ClCompile>
    <ClCompile Include="controls\ComboBoxExtList.cpp">
      <Filter>Исходные файлы</Filter>
    </ClCompile>
    <ClCompile Include="shared\oeav_instance_config.cpp">
      <Filter>Исходные файлы</Filter>
    </ClCompile>
    <ClCompile Include="domain\oeav_primary_document.cpp">
      <Filter>Исходные файлы</Filter>
    </ClCompile>
    <ClCompile Include="domain\oeav_reg_book_item.cpp">
      <Filter>Исходные файлы</Filter>
    </ClCompile>
    <ClCompile Include="dialogs\oeav_dsx.cpp">
      <Filter>Исходные файлы</Filter>
    </ClCompile>
    <ClCompile Include="dialogs\oeav_osx.cpp">
      <Filter>Исходные файлы</Filter>
    </ClCompile>
    <ClCompile Include="dialogs\oeav_ssx.cpp">
      <Filter>Исходные файлы</Filter>
    </ClCompile>
    <ClCompile Include="dialogs\oeav_vsx.cpp">
      <Filter>Исходные файлы</Filter>
    </ClCompile>
    <ClCompile Include="dialogs\oeav_asx.cpp">
      <Filter>Исходные файлы</Filter>
    </ClCompile>
    <ClCompile Include="dialogs\oeav_men_bo.cpp">
      <Filter>Исходные файлы</Filter>
    </ClCompile>
    <ClCompile Include="dialogs\oeav_men_k.cpp">
      <Filter>Исходные файлы</Filter>
    </ClCompile>
    <ClCompile Include="dialogs\oeav_csi.cpp">
      <Filter>Исходные файлы</Filter>
    </ClCompile>
    <ClCompile Include="dialogs\oeav_men_d.cpp">
      <Filter>Исходные файлы</Filter>
    </ClCompile>
    <ClCompile Include="dialogs\oeav_ksr.cpp">
      <Filter>Исходные файлы</Filter>
    </ClCompile>
    <ClCompile Include="dialogs\oeav_jsr.cpp">
      <Filter>Исходные файлы</Filter>
    </ClCompile>
    <ClCompile Include="dialogs\oeav_psx.cpp">
      <Filter>Исходные файлы</Filter>
    </ClCompile>
    <ClCompile Include="dialogs\oeav_men_rj.cpp">
      <Filter>Исходные файлы</Filter>
    </ClCompile>
    <ClCompile Include="dialogs\oeav_men.cpp">
      <Filter>Исходные файлы</Filter>
    </ClCompile>
    <ClCompile Include="domain\oeav_account.cpp">
      <Filter>Исходные файлы</Filter>
    </ClCompile>
    <ClCompile Include="domain\oeav_analytical_accounting_code.cpp">
      <Filter>Исходные файлы</Filter>
    </ClCompile>
    <ClCompile Include="domain\oeav_analytical_type.cpp">
      <Filter>Исходные файлы</Filter>
    </ClCompile>
    <ClCompile Include="repository\oeav_cardfiles_repository.cpp">
      <Filter>Исходные файлы</Filter>
    </ClCompile>
    <ClCompile Include="services\oeav_cardfiles_service.cpp">
      <Filter>Исходные файлы</Filter>
    </ClCompile>
    <ClCompile Include="shared\oeav_connection.cpp">
      <Filter>Исходные файлы</Filter>
    </ClCompile>
    <ClCompile Include="domain\oeav_document.cpp">
      <Filter>Исходные файлы</Filter>
    </ClCompile>
    <ClCompile Include="repository\oeav_documents_repository.cpp">
      <Filter>Исходные файлы</Filter>
    </ClCompile>
    <ClCompile Include="services\oeav_documents_service.cpp">
      <Filter>Исходные файлы</Filter>
    </ClCompile>
    <ClCompile Include="domain\oeav_typical_operation.cpp">
      <Filter>Исходные файлы</Filter>
    </ClCompile>
  </ItemGroup>
  <ItemGroup>
    <ResourceCompile Include="oeav.rc">
      <Filter>Файлы ресурсов</Filter>
    </ResourceCompile>
  </ItemGroup>
  <ItemGroup>
    <None Include="res\oeav.rc2">
      <Filter>Файлы ресурсов</Filter>
    </None>
  </ItemGroup>
  <ItemGroup>
    <Image Include="res\oeav.ico">
      <Filter>Файлы ресурсов</Filter>
    </Image>
    <Image Include="res\settings.ico">
      <Filter>Файлы ресурсов</Filter>
    </Image>
    <Image Include="res\exit.ico">
      <Filter>Файлы ресурсов</Filter>
    </Image>
    <Image Include="res\book.ico">
      <Filter>Файлы ресурсов</Filter>
    </Image>
    <Image Include="res\book2.ico">
      <Filter>Файлы ресурсов</Filter>
    </Image>
    <Image Include="res\product.ico">
      <Filter>Файлы ресурсов</Filter>
    </Image>
    <Image Include="res\icon1.ico">
      <Filter>Файлы ресурсов</Filter>
    </Image>
    <Image Include="res\print.ico">
      <Filter>Файлы ресурсов</Filter>
    </Image>
    <Image Include="res\folder.ico">
      <Filter>Файлы ресурсов</Filter>
    </Image>
    <Image Include="res\report.ico">
      <Filter>Файлы ресурсов</Filter>
    </Image>
    <Image Include="res\business-credit-report.ico">
      <Filter>Файлы ресурсов</Filter>
    </Image>
    <Image Include="res\inventory.ico">
      <Filter>Файлы ресурсов</Filter>
    </Image>
    <Image Include="res\analytics.ico">
      <Filter>Файлы ресурсов</Filter>
    </Image>
    <Image Include="res\content-management-system.ico">
      <Filter>Файлы ресурсов</Filter>
    </Image>
    <Image Include="res\file.ico">
      <Filter>Файлы ресурсов</Filter>
    </Image>
    <Image Include="res\task.ico">
      <Filter>Файлы ресурсов</Filter>
    </Image>
    <Image Include="res\web-page.ico">
      <Filter>Файлы ресурсов</Filter>
    </Image>
    <Image Include="res\input.ico">
      <Filter>Файлы ресурсов</Filter>
    </Image>
    <Image Include="res\right-arrow.ico">
      <Filter>Файлы ресурсов</Filter>
    </Image>
    <Image Include="res\left-arrow.ico">
      <Filter>Файлы ресурсов</Filter>
    </Image>
    <Image Include="res\cancel.ico">
      <Filter>Файлы ресурсов</Filter>
    </Image>
    <Image Include="res\delete.ico">
      <Filter>Файлы ресурсов</Filter>
    </Image>
    <Image Include="res\cancel2.ico">
      <Filter>Файлы ресурсов</Filter>
    </Image>
    <Image Include="res\plus.ico">
      <Filter>Файлы ресурсов</Filter>
    </Image>
    <Image Include="res\icon2.ico">
      <Filter>Файлы ресурсов</Filter>
    </Image>
    <Image Include="res\correct.ico">
      <Filter>Файлы ресурсов</Filter>
    </Image>
    <Image Include="res\edit.ico">
      <Filter>Файлы ресурсов</Filter>
    </Image>
  </ItemGroup>
</Project>